
Microsoft Visual Studio Solution File, Format Version 12.00
# Visual Studio Version 17
VisualStudioVersion = 17.4.33122.133
MinimumVisualStudioVersion = 10.0.40219.1
Project("{FAE04EC0-301F-11D3-BF4B-00C04F79EFBC}") = "cli", "cli\cli.csproj", "{3BA644CF-F96B-4042-8824-BBFC7DEE14C9}"
EndProject
Global
	GlobalSection(SolutionConfigurationPlatforms) = preSolution
		Debug|Any CPU = Debug|Any CPU
		Release|Any CPU = Release|Any CPU
	EndGlobalSection
	GlobalSection(ProjectConfigurationPlatforms) = postSolution
		{3BA644CF-F96B-4042-8824-BBFC7DEE14C9}.Debug|Any CPU.ActiveCfg = Debug|Any CPU
		{3BA644CF-F96B-4042-8824-BBFC7DEE14C9}.Debug|Any CPU.Build.0 = Debug|Any CPU
		{3BA644CF-F96B-4042-8824-BBFC7DEE14C9}.Release|Any CPU.ActiveCfg = Release|Any CPU
		{3BA644CF-F96B-4042-8824-BBFC7DEE14C9}.Release|Any CPU.Build.0 = Release|Any CPU
	EndGlobalSection
	GlobalSection(SolutionProperties) = preSolution
		HideSolutionNode = FALSE
	EndGlobalSection
	GlobalSection(ExtensibilityGlobals) = postSolution
		SolutionGuid = {E8F71762-F242-4AF1-8C9A-BC4DB49C9D64}
	EndGlobalSection
EndGlobal
